
Microsoft Visual Studio Solution File, Format Version 12.00
# Visual Studio Version 16
VisualStudioVersion = 16.0.30011.22
MinimumVisualStudioVersion = 10.0.40219.1
Project("{9A19103F-16F7-4668-BE54-9A1E7A4F7556}") = "MammalAPI", "MammalAPI\MammalAPI.csproj", "{7E6032AC-95A9-48ED-BE30-E6D600AD7B99}"
EndProject
Project("{FAE04EC0-301F-11D3-BF4B-00C04F79EFBC}") = "ControllerTest", "ControllerTest\ControllerTest.csproj", "{EFDCFCAD-3E6E-4CDF-8C64-1E09CA663A6E}"
EndProject
Global
	GlobalSection(SolutionConfigurationPlatforms) = preSolution
		Debug|Any CPU = Debug|Any CPU
		Release|Any CPU = Release|Any CPU
	EndGlobalSection
	GlobalSection(ProjectConfigurationPlatforms) = postSolution
		{7E6032AC-95A9-48ED-BE30-E6D600AD7B99}.Debug|Any CPU.ActiveCfg = Debug|Any CPU
		{7E6032AC-95A9-48ED-BE30-E6D600AD7B99}.Debug|Any CPU.Build.0 = Debug|Any CPU
		{7E6032AC-95A9-48ED-BE30-E6D600AD7B99}.Release|Any CPU.ActiveCfg = Release|Any CPU
		{7E6032AC-95A9-48ED-BE30-E6D600AD7B99}.Release|Any CPU.Build.0 = Release|Any CPU
		{EFDCFCAD-3E6E-4CDF-8C64-1E09CA663A6E}.Debug|Any CPU.ActiveCfg = Debug|Any CPU
		{EFDCFCAD-3E6E-4CDF-8C64-1E09CA663A6E}.Debug|Any CPU.Build.0 = Debug|Any CPU
		{EFDCFCAD-3E6E-4CDF-8C64-1E09CA663A6E}.Release|Any CPU.ActiveCfg = Release|Any CPU
		{EFDCFCAD-3E6E-4CDF-8C64-1E09CA663A6E}.Release|Any CPU.Build.0 = Release|Any CPU
	EndGlobalSection
	GlobalSection(SolutionProperties) = preSolution
		HideSolutionNode = FALSE
	EndGlobalSection
	GlobalSection(ExtensibilityGlobals) = postSolution
		SolutionGuid = {7A113A87-5A23-4574-8610-D8B2A44D1603}
	EndGlobalSection
EndGlobal
